
Microsoft Visual Studio Solution File, Format Version 12.00
# Visual Studio Version 17
VisualStudioVersion = 17.9.34723.18
MinimumVisualStudioVersion = 10.0.40219.1
Project("{9A19103F-16F7-4668-BE54-9A1E7A4F7556}") = "YTHADotNetCore.ConsoleApp", "YTHADotNetCore.ConsoleApp\YTHADotNetCore.ConsoleApp.csproj", "{91987FFC-24FA-491F-B4E0-2A097A59EE97}"
EndProject
Project("{2150E333-8FDC-42A3-9474-1A3956D46DE8}") = "Document", "Document", "{A6B77D76-2F36-4D15-BCFF-B1C9F280CEB6}"
	ProjectSection(SolutionItems) = preProject
		DotNetTrainingBatch4.sql = DotNetTrainingBatch4.sql
		README.md = README.md
	EndProjectSection
EndProject
Project("{9A19103F-16F7-4668-BE54-9A1E7A4F7556}") = "YTHADotNetCore.RestApi", "YTHADotNetCore.RestApi\YTHADotNetCore.RestApi.csproj", "{15A23898-4749-4111-B9FE-19DEF26A7750}"
EndProject
Project("{9A19103F-16F7-4668-BE54-9A1E7A4F7556}") = "YTHADotNetCore.Shared", "YTHADotNetCore.Shared\YTHADotNetCore.Shared.csproj", "{8A7D8A46-DEEA-414C-BD25-48A390846903}"
EndProject
Project("{9A19103F-16F7-4668-BE54-9A1E7A4F7556}") = "YTHADotNetCore.RestApiWithNLayer", "YTHADotNetCore.RestApiWithNLayer\YTHADotNetCore.RestApiWithNLayer.csproj", "{8D8B9ACB-25E7-4D01-9D27-A5AE45F02248}"
EndProject
Project("{9A19103F-16F7-4668-BE54-9A1E7A4F7556}") = "YTHADotNetCore.ConsoleAppHTTPClient", "YTHADotNetCore.ConsoleAppHTTPClient\YTHADotNetCore.ConsoleAppHTTPClient.csproj", "{8CF2794A-2A4A-4464-8C50-E1AC7E59A6D8}"
EndProject
Project("{9A19103F-16F7-4668-BE54-9A1E7A4F7556}") = "YTHADotNetCore.ConsoleAppHTTPClientExample", "YTHADotNetCore.HTTPClientExample\YTHADotNetCore.ConsoleAppHTTPClientExample.csproj", "{FFF5E256-6097-4CCC-8669-A0EE25267894}"
EndProject
Project("{9A19103F-16F7-4668-BE54-9A1E7A4F7556}") = "YTHADotNetCore.ConsoleAppRestClientExample", "YTHADotNetCore.ConsoleAppRestClientExample\YTHADotNetCore.ConsoleAppRestClientExample.csproj", "{02086FD5-1D6F-4A82-B315-B8809B52FE75}"
EndProject
Project("{9A19103F-16F7-4668-BE54-9A1E7A4F7556}") = "YTHADotNetCore.PizzaAPI", "YTHADotNetCore.PizzaAPI\YTHADotNetCore.PizzaAPI.csproj", "{1B6C50B7-8682-46B1-85F0-799A27916168}"
EndProject
Project("{9A19103F-16F7-4668-BE54-9A1E7A4F7556}") = "YTHADotNetCore.ConsoleAppRefitExample", "YTHADotNetCore.ConsoleAppRefitExample\YTHADotNetCore.ConsoleAppRefitExample.csproj", "{FC77F16A-18BF-4B0F-841E-CDD117AD6B59}"
EndProject
Project("{9A19103F-16F7-4668-BE54-9A1E7A4F7556}") = "YTHADotNetCore.WinFormsApp", "YTHADotNetCore.WinFormsApp\YTHADotNetCore.WinFormsApp.csproj", "{4596837E-D727-4990-91EE-ED4E6E3987E8}"
EndProject
Project("{FAE04EC0-301F-11D3-BF4B-00C04F79EFBC}") = "YTHADotNetCore.WinFormsAppSQLInjection", "YTHADotNetCore.WinFormsAppSQLInjection\YTHADotNetCore.WinFormsAppSQLInjection.csproj", "{05C84EAE-E99F-4A29-B003-408B58B911CA}"
EndProject
Global
	GlobalSection(SolutionConfigurationPlatforms) = preSolution
		Debug|Any CPU = Debug|Any CPU
		Release|Any CPU = Release|Any CPU
	EndGlobalSection
	GlobalSection(ProjectConfigurationPlatforms) = postSolution
		{91987FFC-24FA-491F-B4E0-2A097A59EE97}.Debug|Any CPU.ActiveCfg = Debug|Any CPU
		{91987FFC-24FA-491F-B4E0-2A097A59EE97}.Debug|Any CPU.Build.0 = Debug|Any CPU
		{91987FFC-24FA-491F-B4E0-2A097A59EE97}.Release|Any CPU.ActiveCfg = Release|Any CPU
		{91987FFC-24FA-491F-B4E0-2A097A59EE97}.Release|Any CPU.Build.0 = Release|Any CPU
		{15A23898-4749-4111-B9FE-19DEF26A7750}.Debug|Any CPU.ActiveCfg = Debug|Any CPU
		{15A23898-4749-4111-B9FE-19DEF26A7750}.Debug|Any CPU.Build.0 = Debug|Any CPU
		{15A23898-4749-4111-B9FE-19DEF26A7750}.Release|Any CPU.ActiveCfg = Release|Any CPU
		{15A23898-4749-4111-B9FE-19DEF26A7750}.Release|Any CPU.Build.0 = Release|Any CPU
		{8A7D8A46-DEEA-414C-BD25-48A390846903}.Debug|Any CPU.ActiveCfg = Debug|Any CPU
		{8A7D8A46-DEEA-414C-BD25-48A390846903}.Debug|Any CPU.Build.0 = Debug|Any CPU
		{8A7D8A46-DEEA-414C-BD25-48A390846903}.Release|Any CPU.ActiveCfg = Release|Any CPU
		{8A7D8A46-DEEA-414C-BD25-48A390846903}.Release|Any CPU.Build.0 = Release|Any CPU
		{8D8B9ACB-25E7-4D01-9D27-A5AE45F02248}.Debug|Any CPU.ActiveCfg = Debug|Any CPU
		{8D8B9ACB-25E7-4D01-9D27-A5AE45F02248}.Debug|Any CPU.Build.0 = Debug|Any CPU
		{8D8B9ACB-25E7-4D01-9D27-A5AE45F02248}.Release|Any CPU.ActiveCfg = Release|Any CPU
		{8D8B9ACB-25E7-4D01-9D27-A5AE45F02248}.Release|Any CPU.Build.0 = Release|Any CPU
		{8CF2794A-2A4A-4464-8C50-E1AC7E59A6D8}.Debug|Any CPU.ActiveCfg = Debug|Any CPU
		{8CF2794A-2A4A-4464-8C50-E1AC7E59A6D8}.Debug|Any CPU.Build.0 = Debug|Any CPU
		{8CF2794A-2A4A-4464-8C50-E1AC7E59A6D8}.Release|Any CPU.ActiveCfg = Release|Any CPU
		{8CF2794A-2A4A-4464-8C50-E1AC7E59A6D8}.Release|Any CPU.Build.0 = Release|Any CPU
		{FFF5E256-6097-4CCC-8669-A0EE25267894}.Debug|Any CPU.ActiveCfg = Debug|Any CPU
		{FFF5E256-6097-4CCC-8669-A0EE25267894}.Debug|Any CPU.Build.0 = Debug|Any CPU
		{FFF5E256-6097-4CCC-8669-A0EE25267894}.Release|Any CPU.ActiveCfg = Release|Any CPU
		{FFF5E256-6097-4CCC-8669-A0EE25267894}.Release|Any CPU.Build.0 = Release|Any CPU
		{02086FD5-1D6F-4A82-B315-B8809B52FE75}.Debug|Any CPU.ActiveCfg = Debug|Any CPU
		{02086FD5-1D6F-4A82-B315-B8809B52FE75}.Debug|Any CPU.Build.0 = Debug|Any CPU
		{02086FD5-1D6F-4A82-B315-B8809B52FE75}.Release|Any CPU.ActiveCfg = Release|Any CPU
		{02086FD5-1D6F-4A82-B315-B8809B52FE75}.Release|Any CPU.Build.0 = Release|Any CPU
		{1B6C50B7-8682-46B1-85F0-799A27916168}.Debug|Any CPU.ActiveCfg = Debug|Any CPU
		{1B6C50B7-8682-46B1-85F0-799A27916168}.Debug|Any CPU.Build.0 = Debug|Any CPU
		{1B6C50B7-8682-46B1-85F0-799A27916168}.Release|Any CPU.ActiveCfg = Release|Any CPU
		{1B6C50B7-8682-46B1-85F0-799A27916168}.Release|Any CPU.Build.0 = Release|Any CPU
		{FC77F16A-18BF-4B0F-841E-CDD117AD6B59}.Debug|Any CPU.ActiveCfg = Debug|Any CPU
		{FC77F16A-18BF-4B0F-841E-CDD117AD6B59}.Debug|Any CPU.Build.0 = Debug|Any CPU
		{FC77F16A-18BF-4B0F-841E-CDD117AD6B59}.Release|Any CPU.ActiveCfg = Release|Any CPU
		{FC77F16A-18BF-4B0F-841E-CDD117AD6B59}.Release|Any CPU.Build.0 = Release|Any CPU
		{4596837E-D727-4990-91EE-ED4E6E3987E8}.Debug|Any CPU.ActiveCfg = Debug|Any CPU
		{4596837E-D727-4990-91EE-ED4E6E3987E8}.Debug|Any CPU.Build.0 = Debug|Any CPU
		{4596837E-D727-4990-91EE-ED4E6E3987E8}.Release|Any CPU.ActiveCfg = Release|Any CPU
		{4596837E-D727-4990-91EE-ED4E6E3987E8}.Release|Any CPU.Build.0 = Release|Any CPU
		{05C84EAE-E99F-4A29-B003-408B58B911CA}.Debug|Any CPU.ActiveCfg = Debug|Any CPU
		{05C84EAE-E99F-4A29-B003-408B58B911CA}.Debug|Any CPU.Build.0 = Debug|Any CPU
		{05C84EAE-E99F-4A29-B003-408B58B911CA}.Release|Any CPU.ActiveCfg = Release|Any CPU
		{05C84EAE-E99F-4A29-B003-408B58B911CA}.Release|Any CPU.Build.0 = Release|Any CPU
	EndGlobalSection
	GlobalSection(SolutionProperties) = preSolution
		HideSolutionNode = FALSE
	EndGlobalSection
	GlobalSection(ExtensibilityGlobals) = postSolution
		SolutionGuid = {D056BE70-4957-4BDE-B658-6827A5BE6335}
	EndGlobalSection
EndGlobal
